// !$*UTF8*$!
{
	archiveVersion = 1;
	classes = {
	};
	objectVersion = 46;
	objects = {

/* Begin PBXBuildFile section */
		144EA1E217EE1FE900D1BD0B /* main.c in Sources */ = {isa = PBXBuildFile; fileRef = 144EA1E117EE1FE900D1BD0B /* main.c */; };
		144EA1E417EE1FE900D1BD0B /* bswisard2_0_omp.1 in CopyFiles */ = {isa = PBXBuildFile; fileRef = 144EA1E317EE1FE900D1BD0B /* bswisard2_0_omp.1 */; };
/* End PBXBuildFile section */

/* Begin PBXCopyFilesBuildPhase section */
		144EA1DB17EE1FE900D1BD0B /* CopyFiles */ = {
			isa = PBXCopyFilesBuildPhase;
			buildActionMask = 2147483647;
			dstPath = /usr/share/man/man1/;
			dstSubfolderSpec = 0;
			files = (
				144EA1E417EE1FE900D1BD0B /* bswisard2_0_omp.1 in CopyFiles */,
			);
			runOnlyForDeploymentPostprocessing = 1;
		};
/* End PBXCopyFilesBuildPhase section */

/* Begin PBXFileReference section */
		144EA1DD17EE1FE900D1BD0B /* bswisard2.0_omp */ = {isa = PBXFileReference; explicitFileType = "compiled.mach-o.executable"; includeInIndex = 0; path = bswisard2.0_omp; sourceTree = BUILT_PRODUCTS_DIR; };
		144EA1E117EE1FE900D1BD0B /* main.c */ = {isa = PBXFileReference; lastKnownFileType = sourcecode.c.c; path = main.c; sourceTree = "<group>"; };
		144EA1E317EE1FE900D1BD0B /* bswisard2_0_omp.1 */ = {isa = PBXFileReference; lastKnownFileType = text.man; path = bswisard2_0_omp.1; sourceTree = "<group>"; };
/* End PBXFileReference section */

/* Begin PBXFrameworksBuildPhase section */
		144EA1DA17EE1FE900D1BD0B /* Frameworks */ = {
			isa = PBXFrameworksBuildPhase;
			buildActionMask = 2147483647;
			files = (
			);
			runOnlyForDeploymentPostprocessing = 0;
		};
/* End PBXFrameworksBuildPhase section */

/* Begin PBXGroup section */
		144EA1D217EE1FE900D1BD0B = {
			isa = PBXGroup;
			children = (
				144EA1E017EE1FE900D1BD0B /* bswisard2.0_omp */,
				144EA1DE17EE1FE900D1BD0B /* Products */,
			);
			sourceTree = "<group>";
		};
		144EA1DE17EE1FE900D1BD0B /* Products */ = {
			isa = PBXGroup;
			children = (
				144EA1DD17EE1FE900D1BD0B /* bswisard2.0_omp */,
			);
			name = Products;
			sourceTree = "<group>";
		};
		144EA1E017EE1FE900D1BD0B /* bswisard2.0_omp */ = {
			isa = PBXGroup;
			children = (
				144EA1E117EE1FE900D1BD0B /* main.c */,
				144EA1E317EE1FE900D1BD0B /* bswisard2_0_omp.1 */,
			);
			path = bswisard2.0_omp;
			sourceTree = "<group>";
		};
/* End PBXGroup section */

/* Begin PBXNativeTarget section */
		144EA1DC17EE1FE900D1BD0B /* bswisard2.0_omp */ = {
			isa = PBXNativeTarget;
			buildConfigurationList = 144EA1E717EE1FE900D1BD0B /* Build configuration list for PBXNativeTarget "bswisard2.0_omp" */;
			buildPhases = (
				144EA1D917EE1FE900D1BD0B /* Sources */,
				144EA1DA17EE1FE900D1BD0B /* Frameworks */,
				144EA1DB17EE1FE900D1BD0B /* CopyFiles */,
			);
			buildRules = (
			);
			dependencies = (
			);
			name = bswisard2.0_omp;
			productName = bswisard2.0_omp;
			productReference = 144EA1DD17EE1FE900D1BD0B /* bswisard2.0_omp */;
			productType = "com.apple.product-type.tool";
		};
/* End PBXNativeTarget section */

/* Begin PBXProject section */
		144EA1D417EE1FE900D1BD0B /* Project object */ = {
			isa = PBXProject;
			attributes = {
				LastUpgradeCheck = 0440;
				ORGANIZATIONNAME = "Maurizio Giordano";
			};
			buildConfigurationList = 144EA1D717EE1FE900D1BD0B /* Build configuration list for PBXProject "bswisard2.0_omp" */;
			compatibilityVersion = "Xcode 3.2";
			developmentRegion = English;
			hasScannedForEncodings = 0;
			knownRegions = (
				en,
			);
			mainGroup = 144EA1D217EE1FE900D1BD0B;
			productRefGroup = 144EA1DE17EE1FE900D1BD0B /* Products */;
			projectDirPath = "";
			projectRoot = "";
			targets = (
				144EA1DC17EE1FE900D1BD0B /* bswisard2.0_omp */,
			);
		};
/* End PBXProject section */

/* Begin PBXSourcesBuildPhase section */
		144EA1D917EE1FE900D1BD0B /* Sources */ = {
			isa = PBXSourcesBuildPhase;
			buildActionMask = 2147483647;
			files = (
				144EA1E217EE1FE900D1BD0B /* main.c in Sources */,
			);
			runOnlyForDeploymentPostprocessing = 0;
		};
/* End PBXSourcesBuildPhase section */

/* Begin XCBuildConfiguration section */
		144EA1E517EE1FE900D1BD0B /* Debug */ = {
			isa = XCBuildConfiguration;
			buildSettings = {
				ALWAYS_SEARCH_USER_PATHS = NO;
				ARCHS = "$(ARCHS_STANDARD_64_BIT)";
				CLANG_CXX_LANGUAGE_STANDARD = "gnu++0x";
				CLANG_ENABLE_OBJC_ARC = YES;
				CLANG_WARN__DUPLICATE_METHOD_MATCH = YES;
				COPY_PHASE_STRIP = NO;
				GCC_C_LANGUAGE_STANDARD = gnu99;
				GCC_DYNAMIC_NO_PIC = NO;
				GCC_ENABLE_OBJC_EXCEPTIONS = YES;
				GCC_OPTIMIZATION_LEVEL = 0;
				GCC_PREPROCESSOR_DEFINITIONS = (
					"DEBUG=1",
					"$(inherited)",
				);
				GCC_SYMBOLS_PRIVATE_EXTERN = NO;
				GCC_WARN_64_TO_32_BIT_CONVERSION = YES;
				GCC_WARN_ABOUT_RETURN_TYPE = YES;
				GCC_WARN_UNINITIALIZED_AUTOS = YES;
				GCC_WARN_UNUSED_VARIABLE = YES;
				MACOSX_DEPLOYMENT_TARGET = 10.7;
				ONLY_ACTIVE_ARCH = YES;
				SDKROOT = macosx;
			};
			name = Debug;
		};
		144EA1E617EE1FE900D1BD0B /* Release */ = {
			isa = XCBuildConfiguration;
			buildSettings = {
				ALWAYS_SEARCH_USER_PATHS = NO;
				ARCHS = "$(ARCHS_STANDARD_64_BIT)";
				CLANG_CXX_LANGUAGE_STANDARD = "gnu++0x";
				CLANG_ENABLE_OBJC_ARC = YES;
				CLANG_WARN__DUPLICATE_METHOD_MATCH = YES;
				COPY_PHASE_STRIP = YES;
				DEBUG_INFORMATION_FORMAT = "dwarf-with-dsym";
				GCC_C_LANGUAGE_STANDARD = gnu99;
				GCC_ENABLE_OBJC_EXCEPTIONS = YES;
				GCC_WARN_64_TO_32_BIT_CONVERSION = YES;
				GCC_WARN_ABOUT_RETURN_TYPE = YES;
				GCC_WARN_UNINITIALIZED_AUTOS = YES;
				GCC_WARN_UNUSED_VARIABLE = YES;
				MACOSX_DEPLOYMENT_TARGET = 10.7;
				SDKROOT = macosx;
			};
			name = Release;
		};
		144EA1E817EE1FE900D1BD0B /* Debug */ = {
			isa = XCBuildConfiguration;
			buildSettings = {
				PRODUCT_NAME = "$(TARGET_NAME)";
			};
			name = Debug;
		};
		144EA1E917EE1FE900D1BD0B /* Release */ = {
			isa = XCBuildConfiguration;
			buildSettings = {
				PRODUCT_NAME = "$(TARGET_NAME)";
			};
			name = Release;
		};
/* End XCBuildConfiguration section */

/* Begin XCConfigurationList section */
		144EA1D717EE1FE900D1BD0B /* Build configuration list for PBXProject "bswisard2.0_omp" */ = {
			isa = XCConfigurationList;
			buildConfigurations = (
				144EA1E517EE1FE900D1BD0B /* Debug */,
				144EA1E617EE1FE900D1BD0B /* Release */,
			);
			defaultConfigurationIsVisible = 0;
			defaultConfigurationName = Release;
		};
		144EA1E717EE1FE900D1BD0B /* Build configuration list for PBXNativeTarget "bswisard2.0_omp" */ = {
			isa = XCConfigurationList;
			buildConfigurations = (
				144EA1E817EE1FE900D1BD0B /* Debug */,
				144EA1E917EE1FE900D1BD0B /* Release */,
			);
			defaultConfigurationIsVisible = 0;
		};
/* End XCConfigurationList section */
	};
	rootObject = 144EA1D417EE1FE900D1BD0B /* Project object */;
}
